
Microsoft Visual Studio Solution File, Format Version 12.00
# Visual Studio Version 16
VisualStudioVersion = 16.0.31424.327
MinimumVisualStudioVersion = 10.0.40219.1
Project("{2150E333-8FDC-42A3-9474-1A3956D46DE8}") = "Services", "Services", "{12ED3316-609F-4B0A-8CB1-E7A354C3D5FE}"
EndProject
Project("{2150E333-8FDC-42A3-9474-1A3956D46DE8}") = "WebApps", "WebApps", "{B31BBE4C-A5DE-4557-80A9-C3EB16E7FB62}"
EndProject
Project("{2150E333-8FDC-42A3-9474-1A3956D46DE8}") = "Cadastros", "Cadastros", "{64126683-33DE-4923-9BFA-1BEA212B4664}"
EndProject
Project("{2150E333-8FDC-42A3-9474-1A3956D46DE8}") = "Catalogo", "Catalogo", "{5711514E-D812-4919-8A7B-A33F4BE96E23}"
EndProject
Project("{2150E333-8FDC-42A3-9474-1A3956D46DE8}") = "Core", "Core", "{9DBFC335-7AF7-4FFA-B0E2-70DE9F2B6593}"
EndProject
Project("{2150E333-8FDC-42A3-9474-1A3956D46DE8}") = "Fiscal", "Fiscal", "{DC5FE057-DA3F-47C3-AEA0-D0B29923AAA8}"
EndProject
Project("{2150E333-8FDC-42A3-9474-1A3956D46DE8}") = "Pagamentos", "Pagamentos", "{69140EF6-B361-48FC-9E70-EC131D564F30}"
EndProject
Project("{2150E333-8FDC-42A3-9474-1A3956D46DE8}") = "Vendas", "Vendas", "{81F14671-2324-4D4A-B861-48AA9F1E3456}"
EndProject
Project("{9A19103F-16F7-4668-BE54-9A1E7A4F7556}") = "NerdStore.Catalogo.Domain", "src\NerdStore.Catalogo.Domain\NerdStore.Catalogo.Domain.csproj", "{5D5D3909-2370-43B9-9535-0C19280CB826}"
EndProject
Project("{9A19103F-16F7-4668-BE54-9A1E7A4F7556}") = "NerdStore.Core", "src\NerdStore.Core\NerdStore.Core.csproj", "{258C7360-45E0-405A-A178-89B6FD264112}"
EndProject
Project("{2150E333-8FDC-42A3-9474-1A3956D46DE8}") = "Tests", "Tests", "{B81F974A-B263-4955-8163-CDFE3F9ED77D}"
EndProject
Project("{9A19103F-16F7-4668-BE54-9A1E7A4F7556}") = "NerdStore.Catalogo.Domain.Tests", "tests\NerdStore.Catalogo.Domain.Tests\NerdStore.Catalogo.Domain.Tests.csproj", "{0341DBEC-0AA1-4CC5-85BC-A46D00C361D2}"
EndProject
Project("{9A19103F-16F7-4668-BE54-9A1E7A4F7556}") = "NerdStore.WebApp.MVC", "src\NerdStore.WebApp.MVC\NerdStore.WebApp.MVC.csproj", "{41436F96-190C-4916-8E72-C1113BA85037}"
EndProject
Project("{9A19103F-16F7-4668-BE54-9A1E7A4F7556}") = "NerdStore.Catalogo.Data", "src\NerdStore.Catalogo.Data\NerdStore.Catalogo.Data.csproj", "{AAB3866E-1691-468E-9C8F-6B941A12484C}"
EndProject
Project("{9A19103F-16F7-4668-BE54-9A1E7A4F7556}") = "NerdStore.Catalogo.Application", "src\NerdStore.Catalogo.Application\NerdStore.Catalogo.Application.csproj", "{A3732E39-5F05-42BB-98A6-14C8BF2E50EE}"
EndProject
Global
	GlobalSection(SolutionConfigurationPlatforms) = preSolution
		Debug|Any CPU = Debug|Any CPU
		Release|Any CPU = Release|Any CPU
	EndGlobalSection
	GlobalSection(ProjectConfigurationPlatforms) = postSolution
		{5D5D3909-2370-43B9-9535-0C19280CB826}.Debug|Any CPU.ActiveCfg = Debug|Any CPU
		{5D5D3909-2370-43B9-9535-0C19280CB826}.Debug|Any CPU.Build.0 = Debug|Any CPU
		{5D5D3909-2370-43B9-9535-0C19280CB826}.Release|Any CPU.ActiveCfg = Release|Any CPU
		{5D5D3909-2370-43B9-9535-0C19280CB826}.Release|Any CPU.Build.0 = Release|Any CPU
		{258C7360-45E0-405A-A178-89B6FD264112}.Debug|Any CPU.ActiveCfg = Debug|Any CPU
		{258C7360-45E0-405A-A178-89B6FD264112}.Debug|Any CPU.Build.0 = Debug|Any CPU
		{258C7360-45E0-405A-A178-89B6FD264112}.Release|Any CPU.ActiveCfg = Release|Any CPU
		{258C7360-45E0-405A-A178-89B6FD264112}.Release|Any CPU.Build.0 = Release|Any CPU
		{0341DBEC-0AA1-4CC5-85BC-A46D00C361D2}.Debug|Any CPU.ActiveCfg = Debug|Any CPU
		{0341DBEC-0AA1-4CC5-85BC-A46D00C361D2}.Debug|Any CPU.Build.0 = Debug|Any CPU
		{0341DBEC-0AA1-4CC5-85BC-A46D00C361D2}.Release|Any CPU.ActiveCfg = Release|Any CPU
		{0341DBEC-0AA1-4CC5-85BC-A46D00C361D2}.Release|Any CPU.Build.0 = Release|Any CPU
		{41436F96-190C-4916-8E72-C1113BA85037}.Debug|Any CPU.ActiveCfg = Debug|Any CPU
		{41436F96-190C-4916-8E72-C1113BA85037}.Debug|Any CPU.Build.0 = Debug|Any CPU
		{41436F96-190C-4916-8E72-C1113BA85037}.Release|Any CPU.ActiveCfg = Release|Any CPU
		{41436F96-190C-4916-8E72-C1113BA85037}.Release|Any CPU.Build.0 = Release|Any CPU
		{AAB3866E-1691-468E-9C8F-6B941A12484C}.Debug|Any CPU.ActiveCfg = Debug|Any CPU
		{AAB3866E-1691-468E-9C8F-6B941A12484C}.Debug|Any CPU.Build.0 = Debug|Any CPU
		{AAB3866E-1691-468E-9C8F-6B941A12484C}.Release|Any CPU.ActiveCfg = Release|Any CPU
		{AAB3866E-1691-468E-9C8F-6B941A12484C}.Release|Any CPU.Build.0 = Release|Any CPU
		{A3732E39-5F05-42BB-98A6-14C8BF2E50EE}.Debug|Any CPU.ActiveCfg = Debug|Any CPU
		{A3732E39-5F05-42BB-98A6-14C8BF2E50EE}.Debug|Any CPU.Build.0 = Debug|Any CPU
		{A3732E39-5F05-42BB-98A6-14C8BF2E50EE}.Release|Any CPU.ActiveCfg = Release|Any CPU
		{A3732E39-5F05-42BB-98A6-14C8BF2E50EE}.Release|Any CPU.Build.0 = Release|Any CPU
	EndGlobalSection
	GlobalSection(SolutionProperties) = preSolution
		HideSolutionNode = FALSE
	EndGlobalSection
	GlobalSection(NestedProjects) = preSolution
		{64126683-33DE-4923-9BFA-1BEA212B4664} = {12ED3316-609F-4B0A-8CB1-E7A354C3D5FE}
		{5711514E-D812-4919-8A7B-A33F4BE96E23} = {12ED3316-609F-4B0A-8CB1-E7A354C3D5FE}
		{9DBFC335-7AF7-4FFA-B0E2-70DE9F2B6593} = {12ED3316-609F-4B0A-8CB1-E7A354C3D5FE}
		{DC5FE057-DA3F-47C3-AEA0-D0B29923AAA8} = {12ED3316-609F-4B0A-8CB1-E7A354C3D5FE}
		{69140EF6-B361-48FC-9E70-EC131D564F30} = {12ED3316-609F-4B0A-8CB1-E7A354C3D5FE}
		{81F14671-2324-4D4A-B861-48AA9F1E3456} = {12ED3316-609F-4B0A-8CB1-E7A354C3D5FE}
		{5D5D3909-2370-43B9-9535-0C19280CB826} = {5711514E-D812-4919-8A7B-A33F4BE96E23}
		{258C7360-45E0-405A-A178-89B6FD264112} = {9DBFC335-7AF7-4FFA-B0E2-70DE9F2B6593}
		{B81F974A-B263-4955-8163-CDFE3F9ED77D} = {5711514E-D812-4919-8A7B-A33F4BE96E23}
		{0341DBEC-0AA1-4CC5-85BC-A46D00C361D2} = {B81F974A-B263-4955-8163-CDFE3F9ED77D}
		{41436F96-190C-4916-8E72-C1113BA85037} = {B31BBE4C-A5DE-4557-80A9-C3EB16E7FB62}
		{AAB3866E-1691-468E-9C8F-6B941A12484C} = {5711514E-D812-4919-8A7B-A33F4BE96E23}
		{A3732E39-5F05-42BB-98A6-14C8BF2E50EE} = {5711514E-D812-4919-8A7B-A33F4BE96E23}
	EndGlobalSection
	GlobalSection(ExtensibilityGlobals) = postSolution
		SolutionGuid = {4EDEE8E5-551B-4495-945B-C7166C82E922}
	EndGlobalSection
EndGlobal
